
Microsoft Visual Studio Solution File, Format Version 12.00
# Visual Studio Version 17
VisualStudioVersion = 17.2.32630.192
MinimumVisualStudioVersion = 10.0.40219.1
Project("{FAE04EC0-301F-11D3-BF4B-00C04F79EFBC}") = "RegistrationApp", "RegistrationApp\RegistrationApp.csproj", "{D2A53189-4C2E-4A5C-8376-485B8417BD1D}"
EndProject
Global
	GlobalSection(SolutionConfigurationPlatforms) = preSolution
		Debug|Any CPU = Debug|Any CPU
		Release|Any CPU = Release|Any CPU
	EndGlobalSection
	GlobalSection(ProjectConfigurationPlatforms) = postSolution
		{D2A53189-4C2E-4A5C-8376-485B8417BD1D}.Debug|Any CPU.ActiveCfg = Debug|Any CPU
		{D2A53189-4C2E-4A5C-8376-485B8417BD1D}.Debug|Any CPU.Build.0 = Debug|Any CPU
		{D2A53189-4C2E-4A5C-8376-485B8417BD1D}.Release|Any CPU.ActiveCfg = Release|Any CPU
		{D2A53189-4C2E-4A5C-8376-485B8417BD1D}.Release|Any CPU.Build.0 = Release|Any CPU
	EndGlobalSection
	GlobalSection(SolutionProperties) = preSolution
		HideSolutionNode = FALSE
	EndGlobalSection
	GlobalSection(ExtensibilityGlobals) = postSolution
		SolutionGuid = {FD26C442-E3A7-4407-A8BD-84154B3BDD29}
	EndGlobalSection
EndGlobal
